
Microsoft Visual Studio Solution File, Format Version 12.00
# Visual Studio Version 17
VisualStudioVersion = 17.9.34622.214
MinimumVisualStudioVersion = 10.0.40219.1
Project("{FAE04EC0-301F-11D3-BF4B-00C04F79EFBC}") = "StringSearch", "StringSearch\StringSearch.csproj", "{109BA9A3-F573-4488-A7E7-4C5E7FCC3770}"
EndProject
Global
	GlobalSection(SolutionConfigurationPlatforms) = preSolution
		Debug|Any CPU = Debug|Any CPU
		Release|Any CPU = Release|Any CPU
	EndGlobalSection
	GlobalSection(ProjectConfigurationPlatforms) = postSolution
		{109BA9A3-F573-4488-A7E7-4C5E7FCC3770}.Debug|Any CPU.ActiveCfg = Debug|Any CPU
		{109BA9A3-F573-4488-A7E7-4C5E7FCC3770}.Debug|Any CPU.Build.0 = Debug|Any CPU
		{109BA9A3-F573-4488-A7E7-4C5E7FCC3770}.Release|Any CPU.ActiveCfg = Release|Any CPU
		{109BA9A3-F573-4488-A7E7-4C5E7FCC3770}.Release|Any CPU.Build.0 = Release|Any CPU
	EndGlobalSection
	GlobalSection(SolutionProperties) = preSolution
		HideSolutionNode = FALSE
	EndGlobalSection
	GlobalSection(ExtensibilityGlobals) = postSolution
		SolutionGuid = {D5BA5BBE-66A8-4071-A442-A9BD1BA14471}
	EndGlobalSection
EndGlobal
